
Microsoft Visual Studio Solution File, Format Version 12.00
# Visual Studio Version 17
VisualStudioVersion = 17.10.35201.131
MinimumVisualStudioVersion = 10.0.40219.1
Project("{9A19103F-16F7-4668-BE54-9A1E7A4F7556}") = "MINI-KeyBoard", "MINI-KeyBoard.csproj", "{9B9C24CE-26F1-44AE-B16E-0F5C77DC6850}"
EndProject
Global
	GlobalSection(SolutionConfigurationPlatforms) = preSolution
		Debug|Any CPU = Debug|Any CPU
		Release|Any CPU = Release|Any CPU
	EndGlobalSection
	GlobalSection(ProjectConfigurationPlatforms) = postSolution
		{9B9C24CE-26F1-44AE-B16E-0F5C77DC6850}.Debug|Any CPU.ActiveCfg = Debug|Any CPU
		{9B9C24CE-26F1-44AE-B16E-0F5C77DC6850}.Debug|Any CPU.Build.0 = Debug|Any CPU
		{9B9C24CE-26F1-44AE-B16E-0F5C77DC6850}.Release|Any CPU.ActiveCfg = Release|Any CPU
		{9B9C24CE-26F1-44AE-B16E-0F5C77DC6850}.Release|Any CPU.Build.0 = Release|Any CPU
	EndGlobalSection
	GlobalSection(SolutionProperties) = preSolution
		HideSolutionNode = FALSE
	EndGlobalSection
	GlobalSection(ExtensibilityGlobals) = postSolution
		SolutionGuid = {6AB5077A-FF28-4912-ACF3-283CC7C048D6}
	EndGlobalSection
EndGlobal
